
Microsoft Visual Studio Solution File, Format Version 12.00
# Visual Studio Version 16
VisualStudioVersion = 16.0.31613.86
MinimumVisualStudioVersion = 10.0.40219.1
Project("{8BC9CEB8-8B4A-11D0-8D11-00A0C91BC942}") = "learncpp", "learncpp.vcxproj", "{D079CAA9-3612-46B3-B7EB-D70A3FFB0D60}"
EndProject
Global
	GlobalSection(SolutionConfigurationPlatforms) = preSolution
		Debug|x64 = Debug|x64
		Debug|x86 = Debug|x86
		Release|x64 = Release|x64
		Release|x86 = Release|x86
	EndGlobalSection
	GlobalSection(ProjectConfigurationPlatforms) = postSolution
		{D079CAA9-3612-46B3-B7EB-D70A3FFB0D60}.Debug|x64.ActiveCfg = Debug|x64
		{D079CAA9-3612-46B3-B7EB-D70A3FFB0D60}.Debug|x64.Build.0 = Debug|x64
		{D079CAA9-3612-46B3-B7EB-D70A3FFB0D60}.Debug|x86.ActiveCfg = Debug|Win32
		{D079CAA9-3612-46B3-B7EB-D70A3FFB0D60}.Debug|x86.Build.0 = Debug|Win32
		{D079CAA9-3612-46B3-B7EB-D70A3FFB0D60}.Release|x64.ActiveCfg = Release|x64
		{D079CAA9-3612-46B3-B7EB-D70A3FFB0D60}.Release|x64.Build.0 = Release|x64
		{D079CAA9-3612-46B3-B7EB-D70A3FFB0D60}.Release|x86.ActiveCfg = Release|Win32
		{D079CAA9-3612-46B3-B7EB-D70A3FFB0D60}.Release|x86.Build.0 = Release|Win32
	EndGlobalSection
	GlobalSection(SolutionProperties) = preSolution
		HideSolutionNode = FALSE
	EndGlobalSection
	GlobalSection(ExtensibilityGlobals) = postSolution
		SolutionGuid = {503A96DD-D377-4BAA-B39F-45C5E1937136}
	EndGlobalSection
EndGlobal
